
Microsoft Visual Studio Solution File, Format Version 11.00
# Visual Studio 2010
Project("{2150E333-8FDC-42A3-9474-1A3956D46DE8}") = "Old", "Old", "{5138D976-6B89-4357-BCA0-02FB984EDBCF}"
EndProject
Project("{FAE04EC0-301F-11D3-BF4B-00C04F79EFBC}") = "UI", "UI\UI.csproj", "{42147ABD-7950-42FE-B94F-6A6A0DC54C2A}"
EndProject
Project("{FAE04EC0-301F-11D3-BF4B-00C04F79EFBC}") = "Core", "Core\Core.csproj", "{96ACCBA4-1FD2-48CB-A61D-71367A8B99C6}"
EndProject
Project("{FAE04EC0-301F-11D3-BF4B-00C04F79EFBC}") = "TestFunctionality", "TestFunctionality\TestFunctionality.csproj", "{8318FD83-CDC5-462C-BC68-50444BE488CD}"
EndProject
Project("{FAE04EC0-301F-11D3-BF4B-00C04F79EFBC}") = "Util", "AnalyzeData\Util.csproj", "{AA7AF432-2884-417A-AB69-256389F9B0A2}"
EndProject
Project("{FAE04EC0-301F-11D3-BF4B-00C04F79EFBC}") = "Status", "Status\Status.csproj", "{E3E4D1A3-E29C-4374-8E21-F00B177B73CD}"
EndProject
Project("{FAE04EC0-301F-11D3-BF4B-00C04F79EFBC}") = "SkypeAgent", "SkypeAgent\SkypeAgent.csproj", "{DAD6CE1E-3D57-4C81-B7B6-9F3B5A2E8A6F}"
EndProject
Project("{FAE04EC0-301F-11D3-BF4B-00C04F79EFBC}") = "Service", "Service\Service.csproj", "{B395EA61-407E-4AC5-9243-4A886D205B41}"
EndProject
Project("{FAE04EC0-301F-11D3-BF4B-00C04F79EFBC}") = "Tests", "Tests\Tests.csproj", "{1DF5C4DF-8E4C-439E-AE55-FB20A4C0ADAC}"
EndProject
Global
	GlobalSection(SubversionScc) = preSolution
		Svn-Managed = True
		Manager = AnkhSVN - Subversion Support for Visual Studio
	EndGlobalSection
	GlobalSection(SolutionConfigurationPlatforms) = preSolution
		Debug|Any CPU = Debug|Any CPU
		Debug|MyConfig = Debug|MyConfig
		Debug|x86 = Debug|x86
		Release|Any CPU = Release|Any CPU
		Release|MyConfig = Release|MyConfig
		Release|x86 = Release|x86
	EndGlobalSection
	GlobalSection(ProjectConfigurationPlatforms) = postSolution
		{42147ABD-7950-42FE-B94F-6A6A0DC54C2A}.Debug|Any CPU.ActiveCfg = Debug|Any CPU
		{42147ABD-7950-42FE-B94F-6A6A0DC54C2A}.Debug|Any CPU.Build.0 = Debug|Any CPU
		{42147ABD-7950-42FE-B94F-6A6A0DC54C2A}.Debug|MyConfig.ActiveCfg = Debug|x86
		{42147ABD-7950-42FE-B94F-6A6A0DC54C2A}.Debug|MyConfig.Build.0 = Debug|x86
		{42147ABD-7950-42FE-B94F-6A6A0DC54C2A}.Debug|x86.ActiveCfg = Debug|x86
		{42147ABD-7950-42FE-B94F-6A6A0DC54C2A}.Debug|x86.Build.0 = Debug|x86
		{42147ABD-7950-42FE-B94F-6A6A0DC54C2A}.Release|Any CPU.ActiveCfg = Release|Any CPU
		{42147ABD-7950-42FE-B94F-6A6A0DC54C2A}.Release|Any CPU.Build.0 = Release|Any CPU
		{42147ABD-7950-42FE-B94F-6A6A0DC54C2A}.Release|MyConfig.ActiveCfg = Release|x86
		{42147ABD-7950-42FE-B94F-6A6A0DC54C2A}.Release|MyConfig.Build.0 = Release|x86
		{42147ABD-7950-42FE-B94F-6A6A0DC54C2A}.Release|x86.ActiveCfg = Release|x86
		{42147ABD-7950-42FE-B94F-6A6A0DC54C2A}.Release|x86.Build.0 = Release|x86
		{96ACCBA4-1FD2-48CB-A61D-71367A8B99C6}.Debug|Any CPU.ActiveCfg = Debug|Any CPU
		{96ACCBA4-1FD2-48CB-A61D-71367A8B99C6}.Debug|Any CPU.Build.0 = Debug|Any CPU
		{96ACCBA4-1FD2-48CB-A61D-71367A8B99C6}.Debug|MyConfig.ActiveCfg = Debug|Any CPU
		{96ACCBA4-1FD2-48CB-A61D-71367A8B99C6}.Debug|MyConfig.Build.0 = Debug|Any CPU
		{96ACCBA4-1FD2-48CB-A61D-71367A8B99C6}.Debug|x86.ActiveCfg = Debug|x86
		{96ACCBA4-1FD2-48CB-A61D-71367A8B99C6}.Debug|x86.Build.0 = Debug|x86
		{96ACCBA4-1FD2-48CB-A61D-71367A8B99C6}.Release|Any CPU.ActiveCfg = Release|Any CPU
		{96ACCBA4-1FD2-48CB-A61D-71367A8B99C6}.Release|Any CPU.Build.0 = Release|Any CPU
		{96ACCBA4-1FD2-48CB-A61D-71367A8B99C6}.Release|MyConfig.ActiveCfg = Release|Any CPU
		{96ACCBA4-1FD2-48CB-A61D-71367A8B99C6}.Release|x86.ActiveCfg = Release|x86
		{96ACCBA4-1FD2-48CB-A61D-71367A8B99C6}.Release|x86.Build.0 = Release|x86
		{8318FD83-CDC5-462C-BC68-50444BE488CD}.Debug|Any CPU.ActiveCfg = Debug|Any CPU
		{8318FD83-CDC5-462C-BC68-50444BE488CD}.Debug|Any CPU.Build.0 = Debug|Any CPU
		{8318FD83-CDC5-462C-BC68-50444BE488CD}.Debug|MyConfig.ActiveCfg = Debug|x86
		{8318FD83-CDC5-462C-BC68-50444BE488CD}.Debug|MyConfig.Build.0 = Debug|x86
		{8318FD83-CDC5-462C-BC68-50444BE488CD}.Debug|x86.ActiveCfg = Debug|x86
		{8318FD83-CDC5-462C-BC68-50444BE488CD}.Debug|x86.Build.0 = Debug|x86
		{8318FD83-CDC5-462C-BC68-50444BE488CD}.Release|Any CPU.ActiveCfg = Release|Any CPU
		{8318FD83-CDC5-462C-BC68-50444BE488CD}.Release|Any CPU.Build.0 = Release|Any CPU
		{8318FD83-CDC5-462C-BC68-50444BE488CD}.Release|MyConfig.ActiveCfg = Release|x86
		{8318FD83-CDC5-462C-BC68-50444BE488CD}.Release|MyConfig.Build.0 = Release|x86
		{8318FD83-CDC5-462C-BC68-50444BE488CD}.Release|x86.ActiveCfg = Release|x86
		{8318FD83-CDC5-462C-BC68-50444BE488CD}.Release|x86.Build.0 = Release|x86
		{AA7AF432-2884-417A-AB69-256389F9B0A2}.Debug|Any CPU.ActiveCfg = Debug|Any CPU
		{AA7AF432-2884-417A-AB69-256389F9B0A2}.Debug|Any CPU.Build.0 = Debug|Any CPU
		{AA7AF432-2884-417A-AB69-256389F9B0A2}.Debug|MyConfig.ActiveCfg = Debug|x86
		{AA7AF432-2884-417A-AB69-256389F9B0A2}.Debug|MyConfig.Build.0 = Debug|x86
		{AA7AF432-2884-417A-AB69-256389F9B0A2}.Debug|x86.ActiveCfg = Debug|x86
		{AA7AF432-2884-417A-AB69-256389F9B0A2}.Debug|x86.Build.0 = Debug|x86
		{AA7AF432-2884-417A-AB69-256389F9B0A2}.Release|Any CPU.ActiveCfg = Release|Any CPU
		{AA7AF432-2884-417A-AB69-256389F9B0A2}.Release|Any CPU.Build.0 = Release|Any CPU
		{AA7AF432-2884-417A-AB69-256389F9B0A2}.Release|MyConfig.ActiveCfg = Release|Any CPU
		{AA7AF432-2884-417A-AB69-256389F9B0A2}.Release|x86.ActiveCfg = Release|x86
		{AA7AF432-2884-417A-AB69-256389F9B0A2}.Release|x86.Build.0 = Release|x86
		{E3E4D1A3-E29C-4374-8E21-F00B177B73CD}.Debug|Any CPU.ActiveCfg = Debug|Any CPU
		{E3E4D1A3-E29C-4374-8E21-F00B177B73CD}.Debug|Any CPU.Build.0 = Debug|Any CPU
		{E3E4D1A3-E29C-4374-8E21-F00B177B73CD}.Debug|MyConfig.ActiveCfg = Debug|Any CPU
		{E3E4D1A3-E29C-4374-8E21-F00B177B73CD}.Debug|MyConfig.Build.0 = Debug|Any CPU
		{E3E4D1A3-E29C-4374-8E21-F00B177B73CD}.Debug|x86.ActiveCfg = Debug|x86
		{E3E4D1A3-E29C-4374-8E21-F00B177B73CD}.Debug|x86.Build.0 = Debug|x86
		{E3E4D1A3-E29C-4374-8E21-F00B177B73CD}.Release|Any CPU.ActiveCfg = Release|Any CPU
		{E3E4D1A3-E29C-4374-8E21-F00B177B73CD}.Release|Any CPU.Build.0 = Release|Any CPU
		{E3E4D1A3-E29C-4374-8E21-F00B177B73CD}.Release|MyConfig.ActiveCfg = Release|x86
		{E3E4D1A3-E29C-4374-8E21-F00B177B73CD}.Release|MyConfig.Build.0 = Release|x86
		{E3E4D1A3-E29C-4374-8E21-F00B177B73CD}.Release|x86.ActiveCfg = Release|x86
		{E3E4D1A3-E29C-4374-8E21-F00B177B73CD}.Release|x86.Build.0 = Release|x86
		{DAD6CE1E-3D57-4C81-B7B6-9F3B5A2E8A6F}.Debug|Any CPU.ActiveCfg = Debug|Any CPU
		{DAD6CE1E-3D57-4C81-B7B6-9F3B5A2E8A6F}.Debug|Any CPU.Build.0 = Debug|Any CPU
		{DAD6CE1E-3D57-4C81-B7B6-9F3B5A2E8A6F}.Debug|MyConfig.ActiveCfg = Debug|x86
		{DAD6CE1E-3D57-4C81-B7B6-9F3B5A2E8A6F}.Debug|MyConfig.Build.0 = Debug|x86
		{DAD6CE1E-3D57-4C81-B7B6-9F3B5A2E8A6F}.Debug|x86.ActiveCfg = Debug|x86
		{DAD6CE1E-3D57-4C81-B7B6-9F3B5A2E8A6F}.Debug|x86.Build.0 = Debug|x86
		{DAD6CE1E-3D57-4C81-B7B6-9F3B5A2E8A6F}.Release|Any CPU.ActiveCfg = Release|Any CPU
		{DAD6CE1E-3D57-4C81-B7B6-9F3B5A2E8A6F}.Release|Any CPU.Build.0 = Release|Any CPU
		{DAD6CE1E-3D57-4C81-B7B6-9F3B5A2E8A6F}.Release|MyConfig.ActiveCfg = Release|x86
		{DAD6CE1E-3D57-4C81-B7B6-9F3B5A2E8A6F}.Release|MyConfig.Build.0 = Release|x86
		{DAD6CE1E-3D57-4C81-B7B6-9F3B5A2E8A6F}.Release|x86.ActiveCfg = Release|x86
		{DAD6CE1E-3D57-4C81-B7B6-9F3B5A2E8A6F}.Release|x86.Build.0 = Release|x86
		{B395EA61-407E-4AC5-9243-4A886D205B41}.Debug|Any CPU.ActiveCfg = Debug|Any CPU
		{B395EA61-407E-4AC5-9243-4A886D205B41}.Debug|Any CPU.Build.0 = Debug|Any CPU
		{B395EA61-407E-4AC5-9243-4A886D205B41}.Debug|MyConfig.ActiveCfg = Debug|Any CPU
		{B395EA61-407E-4AC5-9243-4A886D205B41}.Debug|x86.ActiveCfg = Debug|Any CPU
		{B395EA61-407E-4AC5-9243-4A886D205B41}.Release|Any CPU.ActiveCfg = Release|Any CPU
		{B395EA61-407E-4AC5-9243-4A886D205B41}.Release|Any CPU.Build.0 = Release|Any CPU
		{B395EA61-407E-4AC5-9243-4A886D205B41}.Release|MyConfig.ActiveCfg = Release|Any CPU
		{B395EA61-407E-4AC5-9243-4A886D205B41}.Release|x86.ActiveCfg = Release|Any CPU
		{1DF5C4DF-8E4C-439E-AE55-FB20A4C0ADAC}.Debug|Any CPU.ActiveCfg = Debug|Any CPU
		{1DF5C4DF-8E4C-439E-AE55-FB20A4C0ADAC}.Debug|Any CPU.Build.0 = Debug|Any CPU
		{1DF5C4DF-8E4C-439E-AE55-FB20A4C0ADAC}.Debug|MyConfig.ActiveCfg = Debug|Any CPU
		{1DF5C4DF-8E4C-439E-AE55-FB20A4C0ADAC}.Debug|x86.ActiveCfg = Debug|Any CPU
		{1DF5C4DF-8E4C-439E-AE55-FB20A4C0ADAC}.Release|Any CPU.ActiveCfg = Release|Any CPU
		{1DF5C4DF-8E4C-439E-AE55-FB20A4C0ADAC}.Release|Any CPU.Build.0 = Release|Any CPU
		{1DF5C4DF-8E4C-439E-AE55-FB20A4C0ADAC}.Release|MyConfig.ActiveCfg = Release|Any CPU
		{1DF5C4DF-8E4C-439E-AE55-FB20A4C0ADAC}.Release|x86.ActiveCfg = Release|Any CPU
	EndGlobalSection
	GlobalSection(SolutionProperties) = preSolution
		HideSolutionNode = FALSE
	EndGlobalSection
	GlobalSection(NestedProjects) = preSolution
		{42147ABD-7950-42FE-B94F-6A6A0DC54C2A} = {5138D976-6B89-4357-BCA0-02FB984EDBCF}
		{96ACCBA4-1FD2-48CB-A61D-71367A8B99C6} = {5138D976-6B89-4357-BCA0-02FB984EDBCF}
		{8318FD83-CDC5-462C-BC68-50444BE488CD} = {5138D976-6B89-4357-BCA0-02FB984EDBCF}
		{AA7AF432-2884-417A-AB69-256389F9B0A2} = {5138D976-6B89-4357-BCA0-02FB984EDBCF}
		{E3E4D1A3-E29C-4374-8E21-F00B177B73CD} = {5138D976-6B89-4357-BCA0-02FB984EDBCF}
		{DAD6CE1E-3D57-4C81-B7B6-9F3B5A2E8A6F} = {5138D976-6B89-4357-BCA0-02FB984EDBCF}
	EndGlobalSection
EndGlobal
